
Microsoft Visual Studio Solution File, Format Version 12.00
# Visual Studio Version 16
VisualStudioVersion = 16.0.32602.291
MinimumVisualStudioVersion = 10.0.40219.1
Project("{FAE04EC0-301F-11D3-BF4B-00C04F79EFBC}") = "input_cleaner", "input_cleaner\input_cleaner.csproj", "{F58943C2-03B0-4888-9C85-6A3A4BE09144}"
EndProject
Global
	GlobalSection(SolutionConfigurationPlatforms) = preSolution
		Debug|ARM = Debug|ARM
		Debug|ARM64 = Debug|ARM64
		Debug|x64 = Debug|x64
		Debug|x86 = Debug|x86
		Release|ARM = Release|ARM
		Release|ARM64 = Release|ARM64
		Release|x64 = Release|x64
		Release|x86 = Release|x86
	EndGlobalSection
	GlobalSection(ProjectConfigurationPlatforms) = postSolution
		{F58943C2-03B0-4888-9C85-6A3A4BE09144}.Debug|ARM.ActiveCfg = Debug|ARM
		{F58943C2-03B0-4888-9C85-6A3A4BE09144}.Debug|ARM.Build.0 = Debug|ARM
		{F58943C2-03B0-4888-9C85-6A3A4BE09144}.Debug|ARM.Deploy.0 = Debug|ARM
		{F58943C2-03B0-4888-9C85-6A3A4BE09144}.Debug|ARM64.ActiveCfg = Debug|ARM64
		{F58943C2-03B0-4888-9C85-6A3A4BE09144}.Debug|ARM64.Build.0 = Debug|ARM64
		{F58943C2-03B0-4888-9C85-6A3A4BE09144}.Debug|ARM64.Deploy.0 = Debug|ARM64
		{F58943C2-03B0-4888-9C85-6A3A4BE09144}.Debug|x64.ActiveCfg = Debug|x64
		{F58943C2-03B0-4888-9C85-6A3A4BE09144}.Debug|x64.Build.0 = Debug|x64
		{F58943C2-03B0-4888-9C85-6A3A4BE09144}.Debug|x64.Deploy.0 = Debug|x64
		{F58943C2-03B0-4888-9C85-6A3A4BE09144}.Debug|x86.ActiveCfg = Debug|x86
		{F58943C2-03B0-4888-9C85-6A3A4BE09144}.Debug|x86.Build.0 = Debug|x86
		{F58943C2-03B0-4888-9C85-6A3A4BE09144}.Debug|x86.Deploy.0 = Debug|x86
		{F58943C2-03B0-4888-9C85-6A3A4BE09144}.Release|ARM.ActiveCfg = Release|ARM
		{F58943C2-03B0-4888-9C85-6A3A4BE09144}.Release|ARM.Build.0 = Release|ARM
		{F58943C2-03B0-4888-9C85-6A3A4BE09144}.Release|ARM.Deploy.0 = Release|ARM
		{F58943C2-03B0-4888-9C85-6A3A4BE09144}.Release|ARM64.ActiveCfg = Release|ARM64
		{F58943C2-03B0-4888-9C85-6A3A4BE09144}.Release|ARM64.Build.0 = Release|ARM64
		{F58943C2-03B0-4888-9C85-6A3A4BE09144}.Release|ARM64.Deploy.0 = Release|ARM64
		{F58943C2-03B0-4888-9C85-6A3A4BE09144}.Release|x64.ActiveCfg = Release|x64
		{F58943C2-03B0-4888-9C85-6A3A4BE09144}.Release|x64.Build.0 = Release|x64
		{F58943C2-03B0-4888-9C85-6A3A4BE09144}.Release|x64.Deploy.0 = Release|x64
		{F58943C2-03B0-4888-9C85-6A3A4BE09144}.Release|x86.ActiveCfg = Release|x86
		{F58943C2-03B0-4888-9C85-6A3A4BE09144}.Release|x86.Build.0 = Release|x86
		{F58943C2-03B0-4888-9C85-6A3A4BE09144}.Release|x86.Deploy.0 = Release|x86
	EndGlobalSection
	GlobalSection(SolutionProperties) = preSolution
		HideSolutionNode = FALSE
	EndGlobalSection
	GlobalSection(ExtensibilityGlobals) = postSolution
		SolutionGuid = {CC9D6FBC-0156-4CB4-87E9-976A5D6FAE39}
	EndGlobalSection
EndGlobal
